
Microsoft Visual Studio Solution File, Format Version 12.00
# Visual Studio 15
VisualStudioVersion = 15.0.27004.2008
MinimumVisualStudioVersion = 10.0.40219.1
Project("{F184B08F-C81C-45F6-A57F-5ABD9991F28F}") = "FileIOandStreams", "FileIOandStreams\FileIOandStreams.vbproj", "{A4C13F96-C52D-4F0F-A340-134C36D3FEB9}"
EndProject
Global
	GlobalSection(SolutionConfigurationPlatforms) = preSolution
		Debug|Any CPU = Debug|Any CPU
		Release|Any CPU = Release|Any CPU
	EndGlobalSection
	GlobalSection(ProjectConfigurationPlatforms) = postSolution
		{A4C13F96-C52D-4F0F-A340-134C36D3FEB9}.Debug|Any CPU.ActiveCfg = Debug|Any CPU
		{A4C13F96-C52D-4F0F-A340-134C36D3FEB9}.Debug|Any CPU.Build.0 = Debug|Any CPU
		{A4C13F96-C52D-4F0F-A340-134C36D3FEB9}.Release|Any CPU.ActiveCfg = Release|Any CPU
		{A4C13F96-C52D-4F0F-A340-134C36D3FEB9}.Release|Any CPU.Build.0 = Release|Any CPU
	EndGlobalSection
	GlobalSection(SolutionProperties) = preSolution
		HideSolutionNode = FALSE
	EndGlobalSection
	GlobalSection(ExtensibilityGlobals) = postSolution
		SolutionGuid = {C13E0506-A466-4730-8FBB-5D18960DCD84}
	EndGlobalSection
EndGlobal
